<?xml version="1.0" encoding="utf-8"?>
<Project ToolsVersion="4.0" xmlns="http://schemas.microsoft.com/developer/msbuild/2003">
  <ItemGroup>
    <Filter Include="include">
      <UniqueIdentifier>{319cd47b-0476-43c4-aea8-47b1d043f67b}</UniqueIdentifier>
    </Filter>
    <Filter Include="include\instro">
      <UniqueIdentifier>{3ee2c1fe-ed57-492a-8144-4c3538577119}</UniqueIdentifier>
    </Filter>
    <Filter Include="include\instro\core">
      <UniqueIdentifier>{46ecd823-5f49-41c5-ba58-f6f5299d9c53}</UniqueIdentifier>
    </Filter>
    <Filter Include="include\instro\rose">
      <UniqueIdentifier>{358b68ac-b9b9-4f80-a04f-683755c9658e}</UniqueIdentifier>
    </Filter>
    <Filter Include="include\instro\misc">
      <UniqueIdentifier>{266d33c7-0c68-4f2c-aedc-81cd4cd6c7e3}</UniqueIdentifier>
    </Filter>
    <Filter Include="include\instro\rose\selector">
      <UniqueIdentifier>{d5318fac-ff30-4021-9dfb-196c511d999e}</UniqueIdentifier>
    </Filter>
    <Filter Include="source">
      <UniqueIdentifier>{90c09a93-d15b-4a18-b139-6c52534a394c}</UniqueIdentifier>
    </Filter>
    <Filter Include="source\lib">
      <UniqueIdentifier>{cb2bafdb-9a8e-44a2-ae42-3b0f2910ff4a}</UniqueIdentifier>
    </Filter>
    <Filter Include="source\lib\core">
      <UniqueIdentifier>{160bd7c1-e1aa-4635-ba0f-a1c02bb43f6f}</UniqueIdentifier>
    </Filter>
    <Filter Include="include\instro\rose\adapter">
      <UniqueIdentifier>{f335cffd-5c61-4bed-a63a-d68a1228097b}</UniqueIdentifier>
    </Filter>
    <Filter Include="source\lib\support">
      <UniqueIdentifier>{9ef82a8b-1407-4496-a65e-e12b483b5092}</UniqueIdentifier>
    </Filter>
    <Filter Include="source\lib\rose">
      <UniqueIdentifier>{78cbcad0-d1fb-421a-a4d0-b2ffa9a7cb7d}</UniqueIdentifier>
    </Filter>
    <Filter Include="source\lib\rose\selectors">
      <UniqueIdentifier>{e09023cd-8004-498e-b058-e5d4b2f809fc}</UniqueIdentifier>
    </Filter>
    <Filter Include="source\lib\rose\adapters">
      <UniqueIdentifier>{ed5fe33a-97ad-49ea-97c4-edba55afff83}</UniqueIdentifier>
    </Filter>
    <Filter Include="include\instro\llvm">
      <UniqueIdentifier>{f2330133-299d-4666-966e-8356af661b42}</UniqueIdentifier>
    </Filter>
    <Filter Include="include\instro\test">
      <UniqueIdentifier>{75be12fc-0f08-45db-ab1b-03426ae84bce}</UniqueIdentifier>
    </Filter>
    <Filter Include="include\instro\support">
      <UniqueIdentifier>{0035fc90-4d68-4ff7-96ad-fd73b7c60730}</UniqueIdentifier>
    </Filter>
  </ItemGroup>
  <ItemGroup>
    <None Include="ClassDiagram.cd" />
    <None Include="ClassDiagram3.cd" />
    <None Include="ClassDiagram2.cd" />
  </ItemGroup>
  <ItemGroup>
    <ClInclude Include="..\..\..\lib\include\instro.h">
      <Filter>include</Filter>
    </ClInclude>
    <ClInclude Include="..\..\..\lib\include\instro\agnosticSupport.h">
      <Filter>include\instro</Filter>
    </ClInclude>
    <ClInclude Include="..\..\..\lib\include\instro\roseInstRO.h">
      <Filter>include\instro</Filter>
    </ClInclude>
    <ClInclude Include="..\..\..\lib\include\instro\core\ConstructElevator.h">
      <Filter>include\instro\core</Filter>
    </ClInclude>
    <ClInclude Include="..\..\..\lib\include\instro\core\ConstructLevelManagement.h">
      <Filter>include\instro\core</Filter>
    </ClInclude>
    <ClInclude Include="..\..\..\lib\include\instro\core\ConstructSet.h">
      <Filter>include\instro\core</Filter>
    </ClInclude>
    <ClInclude Include="..\..\..\lib\include\instro\core\ConstructSetManagement.h">
      <Filter>include\instro\core</Filter>
    </ClInclude>
    <ClInclude Include="..\..\..\lib\include\instro\core\Factory.h">
      <Filter>include\instro\core</Filter>
    </ClInclude>
    <ClInclude Include="..\..\..\lib\include\instro\core\Instrumentor.h">
      <Filter>include\instro\core</Filter>
    </ClInclude>
    <ClInclude Include="..\..\..\lib\include\instro\core\Pass.h">
      <Filter>include\instro\core</Filter>
    </ClInclude>
    <ClInclude Include="..\..\..\lib\include\instro\core\PassExecuter.h">
      <Filter>include\instro\core</Filter>
    </ClInclude>
    <ClInclude Include="..\..\..\lib\include\instro\core\PassFactory.h">
      <Filter>include\instro\core</Filter>
    </ClInclude>
    <ClInclude Include="..\..\..\lib\include\instro\core\PassImplementation.h">
      <Filter>include\instro\core</Filter>
    </ClInclude>
    <ClInclude Include="..\..\..\lib\include\instro\core\PassManager.h">
      <Filter>include\instro\core</Filter>
    </ClInclude>
    <ClInclude Include="..\..\..\lib\include\instro\core\SimplePassManager.h">
      <Filter>include\instro\core</Filter>
    </ClInclude>
    <ClInclude Include="..\..\..\lib\include\instro\misc\VisualizingManager.h">
      <Filter>include\instro\misc</Filter>
    </ClInclude>
    <ClInclude Include="..\..\..\lib\include\instro\misc\VisualizingPassManager.h">
      <Filter>include\instro\misc</Filter>
    </ClInclude>
    <ClInclude Include="..\..\..\lib\include\instro\support\BWLFileReader.h">
      <Filter>include\instro\support</Filter>
    </ClInclude>
    <ClInclude Include="..\..\..\lib\include\instro\test\TestInstrumentor.h">
      <Filter>include\instro\test</Filter>
    </ClInclude>
    <ClInclude Include="..\..\..\lib\include\instro\test\TestPass.h">
      <Filter>include\instro\test</Filter>
    </ClInclude>
    <ClInclude Include="..\..\..\lib\include\instro\test\TestPassFactory.h">
      <Filter>include\instro\test</Filter>
    </ClInclude>
    <ClInclude Include="..\..\..\lib\include\instro\rose\RoseInstrumentor.h">
      <Filter>include\instro\rose</Filter>
    </ClInclude>
    <ClInclude Include="..\..\..\lib\include\instro\rose\RosePass.h">
      <Filter>include\instro\rose</Filter>
    </ClInclude>
    <ClInclude Include="..\..\..\lib\include\instro\rose\RosePassFactory.h">
      <Filter>include\instro\rose</Filter>
    </ClInclude>
  </ItemGroup>
  <ItemGroup>
    <ClCompile Include="..\..\..\lib\src\support\BWLFileReader.cpp">
      <Filter>source\lib\support</Filter>
    </ClCompile>
    <ClCompile Include="..\..\..\lib\src\core\ConstructSet.cpp">
      <Filter>source\lib\core</Filter>
    </ClCompile>
    <ClCompile Include="..\..\..\lib\src\core\ConstructSetManagement.cpp">
      <Filter>source\lib\core</Filter>
    </ClCompile>
    <ClCompile Include="..\..\..\lib\src\core\Pass.cpp">
      <Filter>source\lib\core</Filter>
    </ClCompile>
    <ClCompile Include="..\..\..\lib\src\core\SimplePassManager.cpp">
      <Filter>source\lib\core</Filter>
    </ClCompile>
    <ClCompile Include="..\..\..\lib\src\main.cxx">
      <Filter>source\lib</Filter>
    </ClCompile>
    <ClCompile Include="..\..\..\lib\src\instrumentor.cpp">
      <Filter>source\lib\rose</Filter>
    </ClCompile>
    <ClCompile Include="..\..\..\lib\src\marker.cpp">
      <Filter>source\lib\rose</Filter>
    </ClCompile>
  </ItemGroup>
</Project>
