<?xml version="1.0" encoding="utf-8"?>
<Project ToolsVersion="4.0" xmlns="http://schemas.microsoft.com/developer/msbuild/2003">
  <ItemGroup>
    <Filter Include="include">
      <UniqueIdentifier>{460098e1-6e5a-40dd-92c1-fb1a19f7e831}</UniqueIdentifier>
    </Filter>
    <Filter Include="include\instro">
      <UniqueIdentifier>{aec1a036-b1d2-4a83-9847-181b4c28434b}</UniqueIdentifier>
    </Filter>
    <Filter Include="include\instro\core">
      <UniqueIdentifier>{963ad70a-ad7d-4ca3-a95e-58ff4da24aae}</UniqueIdentifier>
    </Filter>
    <Filter Include="include\instro\rose">
      <UniqueIdentifier>{9ddd7f44-b779-4318-ac37-461259cb2fce}</UniqueIdentifier>
    </Filter>
    <Filter Include="include\instro\rose\selector">
      <UniqueIdentifier>{4af22494-0362-4f30-a387-b7b53cacc301}</UniqueIdentifier>
    </Filter>
    <Filter Include="include\instro\rose\adapter">
      <UniqueIdentifier>{1b31f1c0-a77d-4562-90b4-23be6d054d7b}</UniqueIdentifier>
    </Filter>
    <Filter Include="include\instro\llvm">
      <UniqueIdentifier>{d013ed9f-acba-4c06-bd6e-981b6529ec56}</UniqueIdentifier>
    </Filter>
    <Filter Include="source">
      <UniqueIdentifier>{0f79c7e0-9fdc-4796-9a9e-15109530cfbc}</UniqueIdentifier>
    </Filter>
    <Filter Include="source\lib">
      <UniqueIdentifier>{e9ddab49-6a6d-4d00-853c-528ac33d9568}</UniqueIdentifier>
    </Filter>
    <Filter Include="include\instro\extra">
      <UniqueIdentifier>{22e1ab6b-f6de-46b7-8edd-21092df36525}</UniqueIdentifier>
    </Filter>
    <Filter Include="include\instro\example">
      <UniqueIdentifier>{872a2657-6864-4e6d-9a2e-950dcd2637fc}</UniqueIdentifier>
    </Filter>
    <Filter Include="include\instro\example\tooling">
      <UniqueIdentifier>{17f75d3c-8dc1-42f7-b794-9adef9f1c10f}</UniqueIdentifier>
    </Filter>
    <Filter Include="include\instro\example\passes">
      <UniqueIdentifier>{27550a29-f348-4d3a-a635-eac02f5a4354}</UniqueIdentifier>
    </Filter>
    <Filter Include="source\lib\tooling">
      <UniqueIdentifier>{c1cf7131-bba8-4085-9f55-90d5ce7a8b87}</UniqueIdentifier>
    </Filter>
    <Filter Include="source\lib\support">
      <UniqueIdentifier>{8b9876e8-07c6-4813-8046-45194d90456a}</UniqueIdentifier>
    </Filter>
  </ItemGroup>
  <ItemGroup>
    <ClInclude Include="..\..\..\lib\include\instro\core\ConstructSet.h">
      <Filter>include\instro\core</Filter>
    </ClInclude>
    <ClInclude Include="..\..\..\lib\include\instro\core\Factory.h">
      <Filter>include\instro\core</Filter>
    </ClInclude>
    <ClInclude Include="..\..\..\lib\include\instro\core\Instrumentor.h">
      <Filter>include\instro\core</Filter>
    </ClInclude>
    <ClInclude Include="..\..\..\lib\include\instro\core\Pass.h">
      <Filter>include\instro\core</Filter>
    </ClInclude>
    <ClInclude Include="..\..\..\lib\include\instro\core\PassExecuter.h">
      <Filter>include\instro\core</Filter>
    </ClInclude>
    <ClInclude Include="..\..\..\lib\include\instro\core\PassFactory.h">
      <Filter>include\instro\core</Filter>
    </ClInclude>
    <ClInclude Include="..\..\..\lib\include\instro\core\PassImplementation.h">
      <Filter>include\instro\core</Filter>
    </ClInclude>
    <ClInclude Include="..\..\..\lib\include\instro\core\PassManager.h">
      <Filter>include\instro\core</Filter>
    </ClInclude>
    <ClInclude Include="..\..\..\lib\include\instro\core\SimplePassManager.h">
      <Filter>include\instro\core</Filter>
    </ClInclude>
    <ClInclude Include="..\..\..\lib\include\instro\rose\RoseInstrumentor.h">
      <Filter>include\instro\rose</Filter>
    </ClInclude>
    <ClInclude Include="..\..\..\lib\include\instro\rose\RosePass.h">
      <Filter>include\instro\rose</Filter>
    </ClInclude>
    <ClInclude Include="..\..\..\lib\include\instro\rose\RosePassFactory.h">
      <Filter>include\instro\rose</Filter>
    </ClInclude>
    <ClInclude Include="..\..\..\lib\include\instro\example\ExampleInstrumentor.h">
      <Filter>include\instro\example</Filter>
    </ClInclude>
    <ClInclude Include="..\..\..\lib\include\instro\example\ExamplePassFactory.h">
      <Filter>include\instro\example</Filter>
    </ClInclude>
    <ClInclude Include="..\..\..\lib\include\instro\example\ExampleConstructSet.h">
      <Filter>include\instro\example</Filter>
    </ClInclude>
    <ClInclude Include="..\..\..\lib\include\instro\example\ExampleAnalysisInterface.h">
      <Filter>include\instro\example\tooling</Filter>
    </ClInclude>
    <ClInclude Include="..\..\..\lib\include\instro\core\Singleton.h">
      <Filter>include\instro\core</Filter>
    </ClInclude>
    <ClInclude Include="..\..\..\lib\include\instro\tooling\AnalysisInterface.h">
      <Filter>source\lib\tooling</Filter>
    </ClInclude>
    <ClInclude Include="..\..\..\lib\include\instro\tooling\TransformationInterface.h">
      <Filter>source\lib\tooling</Filter>
    </ClInclude>
    <ClInclude Include="..\..\..\lib\include\instro\example\ExampleConstructPrinter.h">
      <Filter>include\instro\example</Filter>
    </ClInclude>
    <ClInclude Include="..\..\..\lib\include\instro\tooling\NamedConstructAccess.h">
      <Filter>source\lib\tooling</Filter>
    </ClInclude>
    <ClInclude Include="..\..\..\lib\include\instro\example\ExampleNamedConstructAccess.h">
      <Filter>include\instro\example\tooling</Filter>
    </ClInclude>
    <ClInclude Include="..\..\..\lib\include\instro\example\ExamplePass.h">
      <Filter>include\instro\example\passes</Filter>
    </ClInclude>
    <ClInclude Include="..\..\..\lib\include\instro\example\CallPathSelector.h">
      <Filter>include\instro\example\passes</Filter>
    </ClInclude>
    <ClInclude Include="..\..\..\lib\include\instro\example\NameBasedSelector.h">
      <Filter>include\instro\example\passes</Filter>
    </ClInclude>
    <ClInclude Include="..\..\..\lib\include\instro.h">
      <Filter>source\lib</Filter>
    </ClInclude>
    <ClInclude Include="..\..\..\lib\include\instro\roseInstRO.h">
      <Filter>source\lib</Filter>
    </ClInclude>
    <ClInclude Include="..\..\..\lib\include\instro\agnosticSupport.h">
      <Filter>source\lib</Filter>
    </ClInclude>
  </ItemGroup>
  <ItemGroup>
    <ClCompile Include="..\..\..\lib\src\example\CallPathSelector.cpp">
      <Filter>include\instro\example</Filter>
    </ClCompile>
    <ClCompile Include="..\..\..\lib\src\example\ExampleConstructPrinter.cpp">
      <Filter>include\instro\example</Filter>
    </ClCompile>
    <ClCompile Include="..\..\..\lib\src\example\ExampleConstructSet.cpp">
      <Filter>include\instro\example</Filter>
    </ClCompile>
    <ClCompile Include="..\..\..\lib\src\example\ExampleInstrumentor.cpp">
      <Filter>include\instro\example</Filter>
    </ClCompile>
    <ClCompile Include="..\..\..\lib\src\example\ExampleNamedConstructAccess.cpp">
      <Filter>include\instro\example</Filter>
    </ClCompile>
    <ClCompile Include="..\..\..\lib\src\example\NameBasedSelector.cpp">
      <Filter>include\instro\example</Filter>
    </ClCompile>
    <ClCompile Include="..\..\..\lib\src\tooling\AnalysisInterface.cpp">
      <Filter>source\lib\tooling</Filter>
    </ClCompile>
    <ClCompile Include="..\..\..\lib\src\core\ConstructSet.cpp">
      <Filter>include\instro\core</Filter>
    </ClCompile>
    <ClCompile Include="..\..\..\lib\src\core\Pass.cpp">
      <Filter>include\instro\core</Filter>
    </ClCompile>
    <ClCompile Include="..\..\..\lib\src\core\PassImplemention.cpp">
      <Filter>include\instro\core</Filter>
    </ClCompile>
    <ClCompile Include="..\..\..\lib\src\core\SimplePassManager.cpp">
      <Filter>include\instro\core</Filter>
    </ClCompile>
    <ClCompile Include="..\..\..\lib\src\core\Singleton.cpp">
      <Filter>include\instro\core</Filter>
    </ClCompile>
    <ClCompile Include="..\..\..\lib\src\example_main.cpp">
      <Filter>source</Filter>
    </ClCompile>
    <ClCompile Include="..\..\..\lib\src\tooling\NamedConstructAccess.cpp">
      <Filter>source\lib\tooling</Filter>
    </ClCompile>
  </ItemGroup>
  <ItemGroup>
    <None Include="ClassDiagram.cd" />
  </ItemGroup>
</Project>