<?xml version="1.0" encoding="utf-8"?>
<Project ToolsVersion="4.0" xmlns="http://schemas.microsoft.com/developer/msbuild/2003">
  <ItemGroup>
    <Filter Include="include">
      <UniqueIdentifier>{460098e1-6e5a-40dd-92c1-fb1a19f7e831}</UniqueIdentifier>
    </Filter>
    <Filter Include="include\instro">
      <UniqueIdentifier>{aec1a036-b1d2-4a83-9847-181b4c28434b}</UniqueIdentifier>
    </Filter>
    <Filter Include="include\instro\core">
      <UniqueIdentifier>{963ad70a-ad7d-4ca3-a95e-58ff4da24aae}</UniqueIdentifier>
    </Filter>
    <Filter Include="include\instro\rose">
      <UniqueIdentifier>{9ddd7f44-b779-4318-ac37-461259cb2fce}</UniqueIdentifier>
    </Filter>
    <Filter Include="include\instro\rose\selector">
      <UniqueIdentifier>{4af22494-0362-4f30-a387-b7b53cacc301}</UniqueIdentifier>
    </Filter>
    <Filter Include="include\instro\rose\adapter">
      <UniqueIdentifier>{1b31f1c0-a77d-4562-90b4-23be6d054d7b}</UniqueIdentifier>
    </Filter>
    <Filter Include="include\instro\llvm">
      <UniqueIdentifier>{d013ed9f-acba-4c06-bd6e-981b6529ec56}</UniqueIdentifier>
    </Filter>
    <Filter Include="include\instro\support">
      <UniqueIdentifier>{8b9876e8-07c6-4813-8046-45194d90456a}</UniqueIdentifier>
    </Filter>
    <Filter Include="source">
      <UniqueIdentifier>{0f79c7e0-9fdc-4796-9a9e-15109530cfbc}</UniqueIdentifier>
    </Filter>
    <Filter Include="source\lib">
      <UniqueIdentifier>{e9ddab49-6a6d-4d00-853c-528ac33d9568}</UniqueIdentifier>
    </Filter>
    <Filter Include="source\lib\core">
      <UniqueIdentifier>{ed292247-d84b-464a-94d6-9e78c50b92b6}</UniqueIdentifier>
    </Filter>
    <Filter Include="source\lib\support">
      <UniqueIdentifier>{099f4105-2705-47d4-accf-531dd5ce3014}</UniqueIdentifier>
    </Filter>
    <Filter Include="include\instro\extra">
      <UniqueIdentifier>{22e1ab6b-f6de-46b7-8edd-21092df36525}</UniqueIdentifier>
    </Filter>
    <Filter Include="include\instro\tooling">
      <UniqueIdentifier>{c1cf7131-bba8-4085-9f55-90d5ce7a8b87}</UniqueIdentifier>
    </Filter>
    <Filter Include="source\lib\tooling">
      <UniqueIdentifier>{a7ecd454-95d0-4236-99f7-2d553b8a11b9}</UniqueIdentifier>
    </Filter>
    <Filter Include="include\instro\example">
      <UniqueIdentifier>{872a2657-6864-4e6d-9a2e-950dcd2637fc}</UniqueIdentifier>
    </Filter>
    <Filter Include="source\lib\example">
      <UniqueIdentifier>{f02c97f0-6b58-4bd8-8cf3-2843e6698fed}</UniqueIdentifier>
    </Filter>
  </ItemGroup>
  <ItemGroup>
    <ClInclude Include="..\..\..\lib\include\instro.h">
      <Filter>include</Filter>
    </ClInclude>
    <ClInclude Include="..\..\..\lib\include\instro\agnosticSupport.h">
      <Filter>include\instro</Filter>
    </ClInclude>
    <ClInclude Include="..\..\..\lib\include\instro\roseInstRO.h">
      <Filter>include\instro</Filter>
    </ClInclude>
    <ClInclude Include="..\..\..\lib\include\instro\core\ConstructElevator.h">
      <Filter>include\instro\core</Filter>
    </ClInclude>
    <ClInclude Include="..\..\..\lib\include\instro\core\ConstructLevelManagrment.h">
      <Filter>include\instro\core</Filter>
    </ClInclude>
    <ClInclude Include="..\..\..\lib\include\instro\core\ConstructSet.h">
      <Filter>include\instro\core</Filter>
    </ClInclude>
    <ClInclude Include="..\..\..\lib\include\instro\core\ConstructSetManagement.h">
      <Filter>include\instro\core</Filter>
    </ClInclude>
    <ClInclude Include="..\..\..\lib\include\instro\core\Factory.h">
      <Filter>include\instro\core</Filter>
    </ClInclude>
    <ClInclude Include="..\..\..\lib\include\instro\core\Instrumentor.h">
      <Filter>include\instro\core</Filter>
    </ClInclude>
    <ClInclude Include="..\..\..\lib\include\instro\core\Pass.h">
      <Filter>include\instro\core</Filter>
    </ClInclude>
    <ClInclude Include="..\..\..\lib\include\instro\core\PassExecuter.h">
      <Filter>include\instro\core</Filter>
    </ClInclude>
    <ClInclude Include="..\..\..\lib\include\instro\core\PassFactory.h">
      <Filter>include\instro\core</Filter>
    </ClInclude>
    <ClInclude Include="..\..\..\lib\include\instro\core\PassImplementation.h">
      <Filter>include\instro\core</Filter>
    </ClInclude>
    <ClInclude Include="..\..\..\lib\include\instro\core\PassManager.h">
      <Filter>include\instro\core</Filter>
    </ClInclude>
    <ClInclude Include="..\..\..\lib\include\instro\core\SimplePassManager.h">
      <Filter>include\instro\core</Filter>
    </ClInclude>
    <ClInclude Include="..\..\..\lib\include\instro\rose\RoseInstrumentor.h">
      <Filter>include\instro\rose</Filter>
    </ClInclude>
    <ClInclude Include="..\..\..\lib\include\instro\rose\RosePass.h">
      <Filter>include\instro\rose</Filter>
    </ClInclude>
    <ClInclude Include="..\..\..\lib\include\instro\rose\RosePassFactory.h">
      <Filter>include\instro\rose</Filter>
    </ClInclude>
    <ClInclude Include="..\..\..\lib\include\instro\misc\VisualizingManager.h">
      <Filter>include\instro\extra</Filter>
    </ClInclude>
    <ClInclude Include="..\..\..\lib\include\instro\misc\VisualizingPassManager.h">
      <Filter>include\instro\extra</Filter>
    </ClInclude>
    <ClInclude Include="..\..\..\lib\include\instro\support\BWLFileReader.h">
      <Filter>include\instro\support</Filter>
    </ClInclude>
    <ClInclude Include="..\..\..\lib\include\instro\tooling\analysisInterface.h">
      <Filter>include\instro\tooling</Filter>
    </ClInclude>
    <ClInclude Include="..\..\..\lib\include\instro\tooling\transformationInterface.h">
      <Filter>include\instro\tooling</Filter>
    </ClInclude>
    <ClInclude Include="..\..\..\lib\include\instro\example\CallPathSelector.h">
      <Filter>include\instro\example</Filter>
    </ClInclude>
    <ClInclude Include="..\..\..\lib\include\instro\example\ExampleInstrumentor.h">
      <Filter>include\instro\example</Filter>
    </ClInclude>
    <ClInclude Include="..\..\..\lib\include\instro\example\ExamplePass.h">
      <Filter>include\instro\example</Filter>
    </ClInclude>
    <ClInclude Include="..\..\..\lib\include\instro\example\ExamplePassFactory.h">
      <Filter>include\instro\example</Filter>
    </ClInclude>
  </ItemGroup>
  <ItemGroup>
    <ClCompile Include="..\..\..\lib\src\core\ConstructSet.cpp">
      <Filter>source\lib\core</Filter>
    </ClCompile>
    <ClCompile Include="..\..\..\lib\src\core\ConstructSetManagement.cpp">
      <Filter>source\lib\core</Filter>
    </ClCompile>
    <ClCompile Include="..\..\..\lib\src\core\Pass.cpp">
      <Filter>source\lib\core</Filter>
    </ClCompile>
    <ClCompile Include="..\..\..\lib\src\core\SimplePassManager.cpp">
      <Filter>source\lib\core</Filter>
    </ClCompile>
    <ClCompile Include="..\..\..\lib\src\support\BWLFileReader.cpp">
      <Filter>source\lib\support</Filter>
    </ClCompile>
    <ClCompile Include="..\..\..\lib\src\main.cxx">
      <Filter>source</Filter>
    </ClCompile>
    <ClCompile Include="..\..\..\lib\src\tooling\analysisInterface.cpp">
      <Filter>source\lib\tooling</Filter>
    </ClCompile>
    <ClCompile Include="..\..\..\lib\src\example\CallPathSelector.cpp">
      <Filter>source\lib\example</Filter>
    </ClCompile>
  </ItemGroup>
  <ItemGroup>
    <None Include="ClassDiagram.cd" />
  </ItemGroup>
</Project>